
Microsoft Visual Studio Solution File, Format Version 12.00
# Visual Studio Version 17
VisualStudioVersion = 17.11.35327.3
MinimumVisualStudioVersion = 10.0.40219.1
Project("{FAE04EC0-301F-11D3-BF4B-00C04F79EFBC}") = "BreadBuilderApp", "BreadBuilderApp\BreadBuilderApp.csproj", "{8CD2FBDD-0D7E-4317-B7CC-CC951BFA2051}"
EndProject
Global
	GlobalSection(SolutionConfigurationPlatforms) = preSolution
		Debug|Any CPU = Debug|Any CPU
		Release|Any CPU = Release|Any CPU
	EndGlobalSection
	GlobalSection(ProjectConfigurationPlatforms) = postSolution
		{8CD2FBDD-0D7E-4317-B7CC-CC951BFA2051}.Debug|Any CPU.ActiveCfg = Debug|Any CPU
		{8CD2FBDD-0D7E-4317-B7CC-CC951BFA2051}.Debug|Any CPU.Build.0 = Debug|Any CPU
		{8CD2FBDD-0D7E-4317-B7CC-CC951BFA2051}.Release|Any CPU.ActiveCfg = Release|Any CPU
		{8CD2FBDD-0D7E-4317-B7CC-CC951BFA2051}.Release|Any CPU.Build.0 = Release|Any CPU
	EndGlobalSection
	GlobalSection(SolutionProperties) = preSolution
		HideSolutionNode = FALSE
	EndGlobalSection
	GlobalSection(ExtensibilityGlobals) = postSolution
		SolutionGuid = {980A02E4-9D15-4DC6-9E21-39B54BB791C4}
	EndGlobalSection
EndGlobal
